
Microsoft Visual Studio Solution File, Format Version 12.00
Project("{FAE04EC0-301F-11D3-BF4B-00C04F79EFBC}") = "ObjectValidator", "ObjectValidator\ObjectValidator.csproj", "{A9335FF6-93D2-4914-8E62-1C9C68520D42}"
EndProject
Project("{FAE04EC0-301F-11D3-BF4B-00C04F79EFBC}") = "ObjectValidator.Tests", "ObjectValidator.Tests\ObjectValidator.Tests.csproj", "{574D0165-6D32-4496-862E-929A58BC7961}"
EndProject
Global
	GlobalSection(SolutionConfigurationPlatforms) = preSolution
		Debug|Any CPU = Debug|Any CPU
		Release|Any CPU = Release|Any CPU
	EndGlobalSection
	GlobalSection(ProjectConfigurationPlatforms) = postSolution
		{A9335FF6-93D2-4914-8E62-1C9C68520D42}.Debug|Any CPU.ActiveCfg = Debug|Any CPU
		{A9335FF6-93D2-4914-8E62-1C9C68520D42}.Debug|Any CPU.Build.0 = Debug|Any CPU
		{A9335FF6-93D2-4914-8E62-1C9C68520D42}.Release|Any CPU.ActiveCfg = Release|Any CPU
		{A9335FF6-93D2-4914-8E62-1C9C68520D42}.Release|Any CPU.Build.0 = Release|Any CPU
		{574D0165-6D32-4496-862E-929A58BC7961}.Debug|Any CPU.ActiveCfg = Debug|Any CPU
		{574D0165-6D32-4496-862E-929A58BC7961}.Debug|Any CPU.Build.0 = Debug|Any CPU
		{574D0165-6D32-4496-862E-929A58BC7961}.Release|Any CPU.ActiveCfg = Release|Any CPU
		{574D0165-6D32-4496-862E-929A58BC7961}.Release|Any CPU.Build.0 = Release|Any CPU
	EndGlobalSection
EndGlobal
